# This file is automatically @generated by Cargo.
# It is not intended for manual editing.
version = 3

[[package]]
name = "bytemuck"
version = "1.4.1"
source = "registry+https://github.com/rust-lang/crates.io-index"
checksum = "41aa2ec95ca3b5c54cf73c91acf06d24f4495d5f1b1c12506ae3483d646177ac"

[[package]]
name = "resize"
version = "0.5.5"
source = "registry+https://github.com/rust-lang/crates.io-index"
checksum = "f2a08c42ea86684dc00256494c4eb8b54707890ddac50c05060a717f29669029"
dependencies = [
 "rgb",
]

[[package]]
name = "rgb"
version = "0.8.25"
source = "registry+https://github.com/rust-lang/crates.io-index"
checksum = "287f3c3f8236abb92d8b7e36797f19159df4b58f0a658cc3fb6dd3004b1f3bd3"
dependencies = [
 "bytemuck",
]

[[package]]
name = "touhou-tagger-resize-wasm"
version = "1.0.0"
dependencies = [
 "bytemuck",
 "resize",
 "rgb",
]
